
Microsoft Visual Studio Solution File, Format Version 12.00
# Visual Studio 15
Project("{FAE04EC0-301F-11D3-BF4B-00C04F79EFBC}") = "Edgegap", "Edgegap.csproj", "{5BCEBB3A-9793-7156-877B-5014D1BF783C}"
EndProject
Project("{FAE04EC0-301F-11D3-BF4B-00C04F79EFBC}") = "Unity.Mirror.CodeGen", "Unity.Mirror.CodeGen.csproj", "{2B9D830B-76F6-1FDE-26B4-38BC8A6BE239}"
EndProject
Project("{FAE04EC0-301F-11D3-BF4B-00C04F79EFBC}") = "Mirror.Components", "Mirror.Components.csproj", "{9B4E6374-88EB-7FE4-F0CA-E708368C2642}"
EndProject
Project("{FAE04EC0-301F-11D3-BF4B-00C04F79EFBC}") = "Mirror.Editor", "Mirror.Editor.csproj", "{5599DDB4-F000-6C93-48A7-853BAA25B6A4}"
EndProject
Project("{FAE04EC0-301F-11D3-BF4B-00C04F79EFBC}") = "Mirror.Examples", "Mirror.Examples.csproj", "{697A665F-1DDD-FD26-0285-26FC02516D5E}"
EndProject
Project("{FAE04EC0-301F-11D3-BF4B-00C04F79EFBC}") = "kcp2k", "kcp2k.csproj", "{1A08887C-7892-E701-C217-60B19629AC47}"
EndProject
Project("{FAE04EC0-301F-11D3-BF4B-00C04F79EFBC}") = "Mirror", "Mirror.csproj", "{1458904C-4BB7-0C12-6523-1F2359E787EC}"
EndProject
Project("{FAE04EC0-301F-11D3-BF4B-00C04F79EFBC}") = "SimpleWebTransport", "SimpleWebTransport.csproj", "{376C3B17-EE02-51D1-249C-B4A9A74EBC9B}"
EndProject
Project("{FAE04EC0-301F-11D3-BF4B-00C04F79EFBC}") = "Mirror.Authenticators", "Mirror.Authenticators.csproj", "{8A9D6EF8-2EEC-B16E-9982-0F3AB52EAB50}"
EndProject
Project("{FAE04EC0-301F-11D3-BF4B-00C04F79EFBC}") = "Mirror.Transports", "Mirror.Transports.csproj", "{915B1F29-66BA-8787-3CDB-0CE400B6C33D}"
EndProject
Project("{FAE04EC0-301F-11D3-BF4B-00C04F79EFBC}") = "EncryptionTransportEditor", "EncryptionTransportEditor.csproj", "{CBDC9B5C-C5AF-801B-D6A7-5991EE2259DA}"
EndProject
Project("{FAE04EC0-301F-11D3-BF4B-00C04F79EFBC}") = "Telepathy", "Telepathy.csproj", "{00A86D85-83F3-7AD0-4D85-4405A9591C12}"
EndProject
Project("{FAE04EC0-301F-11D3-BF4B-00C04F79EFBC}") = "Assembly-CSharp-Editor", "Assembly-CSharp-Editor.csproj", "{934F4BB0-2BF9-B508-8058-8A2E08F1EAF1}"
EndProject
Project("{FAE04EC0-301F-11D3-BF4B-00C04F79EFBC}") = "Mirror.CompilerSymbols", "Mirror.CompilerSymbols.csproj", "{302DB91E-8D6E-14E9-3D33-71CC02A02A22}"
EndProject
Project("{FAE04EC0-301F-11D3-BF4B-00C04F79EFBC}") = "Assembly-CSharp", "Assembly-CSharp.csproj", "{F03E9BB3-5B39-6F00-7128-A8BE9EFC6E19}"
EndProject
Global
	GlobalSection(SolutionConfigurationPlatforms) = preSolution
		Debug|Any CPU = Debug|Any CPU
		Release|Any CPU = Release|Any CPU
	EndGlobalSection
	GlobalSection(ProjectConfigurationPlatforms) = postSolution
		{5BCEBB3A-9793-7156-877B-5014D1BF783C}.Debug|Any CPU.ActiveCfg = Debug|Any CPU
		{5BCEBB3A-9793-7156-877B-5014D1BF783C}.Debug|Any CPU.Build.0 = Debug|Any CPU
		{5BCEBB3A-9793-7156-877B-5014D1BF783C}.Release|Any CPU.ActiveCfg = Release|Any CPU
		{5BCEBB3A-9793-7156-877B-5014D1BF783C}.Release|Any CPU.Build.0 = Release|Any CPU
		{2B9D830B-76F6-1FDE-26B4-38BC8A6BE239}.Debug|Any CPU.ActiveCfg = Debug|Any CPU
		{2B9D830B-76F6-1FDE-26B4-38BC8A6BE239}.Debug|Any CPU.Build.0 = Debug|Any CPU
		{2B9D830B-76F6-1FDE-26B4-38BC8A6BE239}.Release|Any CPU.ActiveCfg = Release|Any CPU
		{2B9D830B-76F6-1FDE-26B4-38BC8A6BE239}.Release|Any CPU.Build.0 = Release|Any CPU
		{9B4E6374-88EB-7FE4-F0CA-E708368C2642}.Debug|Any CPU.ActiveCfg = Debug|Any CPU
		{9B4E6374-88EB-7FE4-F0CA-E708368C2642}.Debug|Any CPU.Build.0 = Debug|Any CPU
		{9B4E6374-88EB-7FE4-F0CA-E708368C2642}.Release|Any CPU.ActiveCfg = Release|Any CPU
		{9B4E6374-88EB-7FE4-F0CA-E708368C2642}.Release|Any CPU.Build.0 = Release|Any CPU
		{5599DDB4-F000-6C93-48A7-853BAA25B6A4}.Debug|Any CPU.ActiveCfg = Debug|Any CPU
		{5599DDB4-F000-6C93-48A7-853BAA25B6A4}.Debug|Any CPU.Build.0 = Debug|Any CPU
		{5599DDB4-F000-6C93-48A7-853BAA25B6A4}.Release|Any CPU.ActiveCfg = Release|Any CPU
		{5599DDB4-F000-6C93-48A7-853BAA25B6A4}.Release|Any CPU.Build.0 = Release|Any CPU
		{697A665F-1DDD-FD26-0285-26FC02516D5E}.Debug|Any CPU.ActiveCfg = Debug|Any CPU
		{697A665F-1DDD-FD26-0285-26FC02516D5E}.Debug|Any CPU.Build.0 = Debug|Any CPU
		{697A665F-1DDD-FD26-0285-26FC02516D5E}.Release|Any CPU.ActiveCfg = Release|Any CPU
		{697A665F-1DDD-FD26-0285-26FC02516D5E}.Release|Any CPU.Build.0 = Release|Any CPU
		{1A08887C-7892-E701-C217-60B19629AC47}.Debug|Any CPU.ActiveCfg = Debug|Any CPU
		{1A08887C-7892-E701-C217-60B19629AC47}.Debug|Any CPU.Build.0 = Debug|Any CPU
		{1A08887C-7892-E701-C217-60B19629AC47}.Release|Any CPU.ActiveCfg = Release|Any CPU
		{1A08887C-7892-E701-C217-60B19629AC47}.Release|Any CPU.Build.0 = Release|Any CPU
		{1458904C-4BB7-0C12-6523-1F2359E787EC}.Debug|Any CPU.ActiveCfg = Debug|Any CPU
		{1458904C-4BB7-0C12-6523-1F2359E787EC}.Debug|Any CPU.Build.0 = Debug|Any CPU
		{1458904C-4BB7-0C12-6523-1F2359E787EC}.Release|Any CPU.ActiveCfg = Release|Any CPU
		{1458904C-4BB7-0C12-6523-1F2359E787EC}.Release|Any CPU.Build.0 = Release|Any CPU
		{376C3B17-EE02-51D1-249C-B4A9A74EBC9B}.Debug|Any CPU.ActiveCfg = Debug|Any CPU
		{376C3B17-EE02-51D1-249C-B4A9A74EBC9B}.Debug|Any CPU.Build.0 = Debug|Any CPU
		{376C3B17-EE02-51D1-249C-B4A9A74EBC9B}.Release|Any CPU.ActiveCfg = Release|Any CPU
		{376C3B17-EE02-51D1-249C-B4A9A74EBC9B}.Release|Any CPU.Build.0 = Release|Any CPU
		{8A9D6EF8-2EEC-B16E-9982-0F3AB52EAB50}.Debug|Any CPU.ActiveCfg = Debug|Any CPU
		{8A9D6EF8-2EEC-B16E-9982-0F3AB52EAB50}.Debug|Any CPU.Build.0 = Debug|Any CPU
		{8A9D6EF8-2EEC-B16E-9982-0F3AB52EAB50}.Release|Any CPU.ActiveCfg = Release|Any CPU
		{8A9D6EF8-2EEC-B16E-9982-0F3AB52EAB50}.Release|Any CPU.Build.0 = Release|Any CPU
		{915B1F29-66BA-8787-3CDB-0CE400B6C33D}.Debug|Any CPU.ActiveCfg = Debug|Any CPU
		{915B1F29-66BA-8787-3CDB-0CE400B6C33D}.Debug|Any CPU.Build.0 = Debug|Any CPU
		{915B1F29-66BA-8787-3CDB-0CE400B6C33D}.Release|Any CPU.ActiveCfg = Release|Any CPU
		{915B1F29-66BA-8787-3CDB-0CE400B6C33D}.Release|Any CPU.Build.0 = Release|Any CPU
		{CBDC9B5C-C5AF-801B-D6A7-5991EE2259DA}.Debug|Any CPU.ActiveCfg = Debug|Any CPU
		{CBDC9B5C-C5AF-801B-D6A7-5991EE2259DA}.Debug|Any CPU.Build.0 = Debug|Any CPU
		{CBDC9B5C-C5AF-801B-D6A7-5991EE2259DA}.Release|Any CPU.ActiveCfg = Release|Any CPU
		{CBDC9B5C-C5AF-801B-D6A7-5991EE2259DA}.Release|Any CPU.Build.0 = Release|Any CPU
		{00A86D85-83F3-7AD0-4D85-4405A9591C12}.Debug|Any CPU.ActiveCfg = Debug|Any CPU
		{00A86D85-83F3-7AD0-4D85-4405A9591C12}.Debug|Any CPU.Build.0 = Debug|Any CPU
		{00A86D85-83F3-7AD0-4D85-4405A9591C12}.Release|Any CPU.ActiveCfg = Release|Any CPU
		{00A86D85-83F3-7AD0-4D85-4405A9591C12}.Release|Any CPU.Build.0 = Release|Any CPU
		{934F4BB0-2BF9-B508-8058-8A2E08F1EAF1}.Debug|Any CPU.ActiveCfg = Debug|Any CPU
		{934F4BB0-2BF9-B508-8058-8A2E08F1EAF1}.Debug|Any CPU.Build.0 = Debug|Any CPU
		{934F4BB0-2BF9-B508-8058-8A2E08F1EAF1}.Release|Any CPU.ActiveCfg = Release|Any CPU
		{934F4BB0-2BF9-B508-8058-8A2E08F1EAF1}.Release|Any CPU.Build.0 = Release|Any CPU
		{302DB91E-8D6E-14E9-3D33-71CC02A02A22}.Debug|Any CPU.ActiveCfg = Debug|Any CPU
		{302DB91E-8D6E-14E9-3D33-71CC02A02A22}.Debug|Any CPU.Build.0 = Debug|Any CPU
		{302DB91E-8D6E-14E9-3D33-71CC02A02A22}.Release|Any CPU.ActiveCfg = Release|Any CPU
		{302DB91E-8D6E-14E9-3D33-71CC02A02A22}.Release|Any CPU.Build.0 = Release|Any CPU
		{F03E9BB3-5B39-6F00-7128-A8BE9EFC6E19}.Debug|Any CPU.ActiveCfg = Debug|Any CPU
		{F03E9BB3-5B39-6F00-7128-A8BE9EFC6E19}.Debug|Any CPU.Build.0 = Debug|Any CPU
		{F03E9BB3-5B39-6F00-7128-A8BE9EFC6E19}.Release|Any CPU.ActiveCfg = Release|Any CPU
		{F03E9BB3-5B39-6F00-7128-A8BE9EFC6E19}.Release|Any CPU.Build.0 = Release|Any CPU
	EndGlobalSection
	GlobalSection(SolutionProperties) = preSolution
		HideSolutionNode = FALSE
	EndGlobalSection
EndGlobal
